// !$*UTF8*$!
{
	archiveVersion = 1;
	classes = {
	};
	objectVersion = 50;
	objects = {

/* Begin PBXBuildFile section */
		803AC15B24EC855600925BA1 /* AppDelegate.swift in Sources */ = {isa = PBXBuildFile; fileRef = 803AC15A24EC855600925BA1 /* AppDelegate.swift */; };
		803AC15D24EC855600925BA1 /* SceneDelegate.swift in Sources */ = {isa = PBXBuildFile; fileRef = 803AC15C24EC855600925BA1 /* SceneDelegate.swift */; };
		803AC15F24EC855600925BA1 /* ViewController.swift in Sources */ = {isa = PBXBuildFile; fileRef = 803AC15E24EC855600925BA1 /* ViewController.swift */; };
		803AC16224EC855600925BA1 /* Main.storyboard in Resources */ = {isa = PBXBuildFile; fileRef = 803AC16024EC855600925BA1 /* Main.storyboard */; };
		803AC16524EC855600925BA1 /* Homework2_1.xcdatamodeld in Sources */ = {isa = PBXBuildFile; fileRef = 803AC16324EC855600925BA1 /* Homework2_1.xcdatamodeld */; };
		803AC16724EC856100925BA1 /* Assets.xcassets in Resources */ = {isa = PBXBuildFile; fileRef = 803AC16624EC856100925BA1 /* Assets.xcassets */; };
		803AC16A24EC856100925BA1 /* LaunchScreen.storyboard in Resources */ = {isa = PBXBuildFile; fileRef = 803AC16824EC856100925BA1 /* LaunchScreen.storyboard */; };
/* End PBXBuildFile section */

/* Begin PBXFileReference section */
		803AC15724EC855600925BA1 /* Homework2.1.app */ = {isa = PBXFileReference; explicitFileType = wrapper.application; includeInIndex = 0; path = Homework2.1.app; sourceTree = BUILT_PRODUCTS_DIR; };
		803AC15A24EC855600925BA1 /* AppDelegate.swift */ = {isa = PBXFileReference; lastKnownFileType = sourcecode.swift; path = AppDelegate.swift; sourceTree = "<group>"; };
		803AC15C24EC855600925BA1 /* SceneDelegate.swift */ = {isa = PBXFileReference; lastKnownFileType = sourcecode.swift; path = SceneDelegate.swift; sourceTree = "<group>"; };
		803AC15E24EC855600925BA1 /* ViewController.swift */ = {isa = PBXFileReference; lastKnownFileType = sourcecode.swift; path = ViewController.swift; sourceTree = "<group>"; };
		803AC16124EC855600925BA1 /* Base */ = {isa = PBXFileReference; lastKnownFileType = file.storyboard; name = Base; path = Base.lproj/Main.storyboard; sourceTree = "<group>"; };
		803AC16424EC855600925BA1 /* Homework2_1.xcdatamodel */ = {isa = PBXFileReference; lastKnownFileType = wrapper.xcdatamodel; path = Homework2_1.xcdatamodel; sourceTree = "<group>"; };
		803AC16624EC856100925BA1 /* Assets.xcassets */ = {isa = PBXFileReference; lastKnownFileType = folder.assetcatalog; path = Assets.xcassets; sourceTree = "<group>"; };
		803AC16924EC856100925BA1 /* Base */ = {isa = PBXFileReference; lastKnownFileType = file.storyboard; name = Base; path = Base.lproj/LaunchScreen.storyboard; sourceTree = "<group>"; };
		803AC16B24EC856100925BA1 /* Info.plist */ = {isa = PBXFileReference; lastKnownFileType = text.plist.xml; path = Info.plist; sourceTree = "<group>"; };
/* End PBXFileReference section */

/* Begin PBXFrameworksBuildPhase section */
		803AC15424EC855600925BA1 /* Frameworks */ = {
			isa = PBXFrameworksBuildPhase;
			buildActionMask = 2147483647;
			files = (
			);
			runOnlyForDeploymentPostprocessing = 0;
		};
/* End PBXFrameworksBuildPhase section */

/* Begin PBXGroup section */
		803AC14E24EC855600925BA1 = {
			isa = PBXGroup;
			children = (
				803AC15924EC855600925BA1 /* Homework2.1 */,
				803AC15824EC855600925BA1 /* Products */,
			);
			sourceTree = "<group>";
		};
		803AC15824EC855600925BA1 /* Products */ = {
			isa = PBXGroup;
			children = (
				803AC15724EC855600925BA1 /* Homework2.1.app */,
			);
			name = Products;
			sourceTree = "<group>";
		};
		803AC15924EC855600925BA1 /* Homework2.1 */ = {
			isa = PBXGroup;
			children = (
				803AC15A24EC855600925BA1 /* AppDelegate.swift */,
				803AC15C24EC855600925BA1 /* SceneDelegate.swift */,
				803AC15E24EC855600925BA1 /* ViewController.swift */,
				803AC16024EC855600925BA1 /* Main.storyboard */,
				803AC16624EC856100925BA1 /* Assets.xcassets */,
				803AC16824EC856100925BA1 /* LaunchScreen.storyboard */,
				803AC16B24EC856100925BA1 /* Info.plist */,
				803AC16324EC855600925BA1 /* Homework2_1.xcdatamodeld */,
			);
			path = Homework2.1;
			sourceTree = "<group>";
		};
/* End PBXGroup section */

/* Begin PBXNativeTarget section */
		803AC15624EC855600925BA1 /* Homework2.1 */ = {
			isa = PBXNativeTarget;
			buildConfigurationList = 803AC16E24EC856100925BA1 /* Build configuration list for PBXNativeTarget "Homework2.1" */;
			buildPhases = (
				803AC15324EC855600925BA1 /* Sources */,
				803AC15424EC855600925BA1 /* Frameworks */,
				803AC15524EC855600925BA1 /* Resources */,
			);
			buildRules = (
			);
			dependencies = (
			);
			name = Homework2.1;
			productName = Homework2.1;
			productReference = 803AC15724EC855600925BA1 /* Homework2.1.app */;
			productType = "com.apple.product-type.application";
		};
/* End PBXNativeTarget section */

/* Begin PBXProject section */
		803AC14F24EC855600925BA1 /* Project object */ = {
			isa = PBXProject;
			attributes = {
				LastSwiftUpdateCheck = 1160;
				LastUpgradeCheck = 1160;
				ORGANIZATIONNAME = "Evgenia Shipova";
				TargetAttributes = {
					803AC15624EC855600925BA1 = {
						CreatedOnToolsVersion = 11.6;
					};
				};
			};
			buildConfigurationList = 803AC15224EC855600925BA1 /* Build configuration list for PBXProject "Homework2.1" */;
			compatibilityVersion = "Xcode 9.3";
			developmentRegion = en;
			hasScannedForEncodings = 0;
			knownRegions = (
				en,
				Base,
			);
			mainGroup = 803AC14E24EC855600925BA1;
			productRefGroup = 803AC15824EC855600925BA1 /* Products */;
			projectDirPath = "";
			projectRoot = "";
			targets = (
				803AC15624EC855600925BA1 /* Homework2.1 */,
			);
		};
/* End PBXProject section */

/* Begin PBXResourcesBuildPhase section */
		803AC15524EC855600925BA1 /* Resources */ = {
			isa = PBXResourcesBuildPhase;
			buildActionMask = 2147483647;
			files = (
				803AC16A24EC856100925BA1 /* LaunchScreen.storyboard in Resources */,
				803AC16724EC856100925BA1 /* Assets.xcassets in Resources */,
				803AC16224EC855600925BA1 /* Main.storyboard in Resources */,
			);
			runOnlyForDeploymentPostprocessing = 0;
		};
/* End PBXResourcesBuildPhase section */

/* Begin PBXSourcesBuildPhase section */
		803AC15324EC855600925BA1 /* Sources */ = {
			isa = PBXSourcesBuildPhase;
			buildActionMask = 2147483647;
			files = (
				803AC15F24EC855600925BA1 /* ViewController.swift in Sources */,
				803AC15B24EC855600925BA1 /* AppDelegate.swift in Sources */,
				803AC16524EC855600925BA1 /* Homework2_1.xcdatamodeld in Sources */,
				803AC15D24EC855600925BA1 /* SceneDelegate.swift in Sources */,
			);
			runOnlyForDeploymentPostprocessing = 0;
		};
/* End PBXSourcesBuildPhase section */

/* Begin PBXVariantGroup section */
		803AC16024EC855600925BA1 /* Main.storyboard */ = {
			isa = PBXVariantGroup;
			children = (
				803AC16124EC855600925BA1 /* Base */,
			);
			name = Main.storyboard;
			sourceTree = "<group>";
		};
		803AC16824EC856100925BA1 /* LaunchScreen.storyboard */ = {
			isa = PBXVariantGroup;
			children = (
				803AC16924EC856100925BA1 /* Base */,
			);
			name = LaunchScreen.storyboard;
			sourceTree = "<group>";
		};
/* End PBXVariantGroup section */

/* Begin XCBuildConfiguration section */
		803AC16C24EC856100925BA1 /* Debug */ = {
			isa = XCBuildConfiguration;
			buildSettings = {
				ALWAYS_SEARCH_USER_PATHS = NO;
				CLANG_ANALYZER_NONNULL = YES;
				CLANG_ANALYZER_NUMBER_OBJECT_CONVERSION = YES_AGGRESSIVE;
				CLANG_CXX_LANGUAGE_STANDARD = "gnu++14";
				CLANG_CXX_LIBRARY = "libc++";
				CLANG_ENABLE_MODULES = YES;
				CLANG_ENABLE_OBJC_ARC = YES;
				CLANG_ENABLE_OBJC_WEAK = YES;
				CLANG_WARN_BLOCK_CAPTURE_AUTORELEASING = YES;
				CLANG_WARN_BOOL_CONVERSION = YES;
				CLANG_WARN_COMMA = YES;
				CLANG_WARN_CONSTANT_CONVERSION = YES;
				CLANG_WARN_DEPRECATED_OBJC_IMPLEMENTATIONS = YES;
				CLANG_WARN_DIRECT_OBJC_ISA_USAGE = YES_ERROR;
				CLANG_WARN_DOCUMENTATION_COMMENTS = YES;
				CLANG_WARN_EMPTY_BODY = YES;
				CLANG_WARN_ENUM_CONVERSION = YES;
				CLANG_WARN_INFINITE_RECURSION = YES;
				CLANG_WARN_INT_CONVERSION = YES;
				CLANG_WARN_NON_LITERAL_NULL_CONVERSION = YES;
				CLANG_WARN_OBJC_IMPLICIT_RETAIN_SELF = YES;
				CLANG_WARN_OBJC_LITERAL_CONVERSION = YES;
				CLANG_WARN_OBJC_ROOT_CLASS = YES_ERROR;
				CLANG_WARN_RANGE_LOOP_ANALYSIS = YES;
				CLANG_WARN_STRICT_PROTOTYPES = YES;
				CLANG_WARN_SUSPICIOUS_MOVE = YES;
				CLANG_WARN_UNGUARDED_AVAILABILITY = YES_AGGRESSIVE;
				CLANG_WARN_UNREACHABLE_CODE = YES;
				CLANG_WARN__DUPLICATE_METHOD_MATCH = YES;
				COPY_PHASE_STRIP = NO;
				DEBUG_INFORMATION_FORMAT = dwarf;
				ENABLE_STRICT_OBJC_MSGSEND = YES;
				ENABLE_TESTABILITY = YES;
				GCC_C_LANGUAGE_STANDARD = gnu11;
				GCC_DYNAMIC_NO_PIC = NO;
				GCC_NO_COMMON_BLOCKS = YES;
				GCC_OPTIMIZATION_LEVEL = 0;
				GCC_PREPROCESSOR_DEFINITIONS = (
					"DEBUG=1",
					"$(inherited)",
				);
				GCC_WARN_64_TO_32_BIT_CONVERSION = YES;
				GCC_WARN_ABOUT_RETURN_TYPE = YES_ERROR;
				GCC_WARN_UNDECLARED_SELECTOR = YES;
				GCC_WARN_UNINITIALIZED_AUTOS = YES_AGGRESSIVE;
				GCC_WARN_UNUSED_FUNCTION = YES;
				GCC_WARN_UNUSED_VARIABLE = YES;
				IPHONEOS_DEPLOYMENT_TARGET = 13.6;
				MTL_ENABLE_DEBUG_INFO = INCLUDE_SOURCE;
				MTL_FAST_MATH = YES;
				ONLY_ACTIVE_ARCH = YES;
				SDKROOT = iphoneos;
				SWIFT_ACTIVE_COMPILATION_CONDITIONS = DEBUG;
				SWIFT_OPTIMIZATION_LEVEL = "-Onone";
			};
			name = Debug;
		};
		803AC16D24EC856100925BA1 /* Release */ = {
			isa = XCBuildConfiguration;
			buildSettings = {
				ALWAYS_SEARCH_USER_PATHS = NO;
				CLANG_ANALYZER_NONNULL = YES;
				CLANG_ANALYZER_NUMBER_OBJECT_CONVERSION = YES_AGGRESSIVE;
				CLANG_CXX_LANGUAGE_STANDARD = "gnu++14";
				CLANG_CXX_LIBRARY = "libc++";
				CLANG_ENABLE_MODULES = YES;
				CLANG_ENABLE_OBJC_ARC = YES;
				CLANG_ENABLE_OBJC_WEAK = YES;
				CLANG_WARN_BLOCK_CAPTURE_AUTORELEASING = YES;
				CLANG_WARN_BOOL_CONVERSION = YES;
				CLANG_WARN_COMMA = YES;
				CLANG_WARN_CONSTANT_CONVERSION = YES;
				CLANG_WARN_DEPRECATED_OBJC_IMPLEMENTATIONS = YES;
				CLANG_WARN_DIRECT_OBJC_ISA_USAGE = YES_ERROR;
				CLANG_WARN_DOCUMENTATION_COMMENTS = YES;
				CLANG_WARN_EMPTY_BODY = YES;
				CLANG_WARN_ENUM_CONVERSION = YES;
				CLANG_WARN_INFINITE_RECURSION = YES;
				CLANG_WARN_INT_CONVERSION = YES;
				CLANG_WARN_NON_LITERAL_NULL_CONVERSION = YES;
				CLANG_WARN_OBJC_IMPLICIT_RETAIN_SELF = YES;
				CLANG_WARN_OBJC_LITERAL_CONVERSION = YES;
				CLANG_WARN_OBJC_ROOT_CLASS = YES_ERROR;
				CLANG_WARN_RANGE_LOOP_ANALYSIS = YES;
				CLANG_WARN_STRICT_PROTOTYPES = YES;
				CLANG_WARN_SUSPICIOUS_MOVE = YES;
				CLANG_WARN_UNGUARDED_AVAILABILITY = YES_AGGRESSIVE;
				CLANG_WARN_UNREACHABLE_CODE = YES;
				CLANG_WARN__DUPLICATE_METHOD_MATCH = YES;
				COPY_PHASE_STRIP = NO;
				DEBUG_INFORMATION_FORMAT = "dwarf-with-dsym";
				ENABLE_NS_ASSERTIONS = NO;
				ENABLE_STRICT_OBJC_MSGSEND = YES;
				GCC_C_LANGUAGE_STANDARD = gnu11;
				GCC_NO_COMMON_BLOCKS = YES;
				GCC_WARN_64_TO_32_BIT_CONVERSION = YES;
				GCC_WARN_ABOUT_RETURN_TYPE = YES_ERROR;
				GCC_WARN_UNDECLARED_SELECTOR = YES;
				GCC_WARN_UNINITIALIZED_AUTOS = YES_AGGRESSIVE;
				GCC_WARN_UNUSED_FUNCTION = YES;
				GCC_WARN_UNUSED_VARIABLE = YES;
				IPHONEOS_DEPLOYMENT_TARGET = 13.6;
				MTL_ENABLE_DEBUG_INFO = NO;
				MTL_FAST_MATH = YES;
				SDKROOT = iphoneos;
				SWIFT_COMPILATION_MODE = wholemodule;
				SWIFT_OPTIMIZATION_LEVEL = "-O";
				VALIDATE_PRODUCT = YES;
			};
			name = Release;
		};
		803AC16F24EC856100925BA1 /* Debug */ = {
			isa = XCBuildConfiguration;
			buildSettings = {
				ASSETCATALOG_COMPILER_APPICON_NAME = AppIcon;
				CODE_SIGN_STYLE = Automatic;
				INFOPLIST_FILE = Homework2.1/Info.plist;
				LD_RUNPATH_SEARCH_PATHS = (
					"$(inherited)",
					"@executable_path/Frameworks",
				);
				PRODUCT_BUNDLE_IDENTIFIER = "com.anirakanna.Homework2-1";
				PRODUCT_NAME = "$(TARGET_NAME)";
				SWIFT_VERSION = 5.0;
				TARGETED_DEVICE_FAMILY = "1,2";
			};
			name = Debug;
		};
		803AC17024EC856100925BA1 /* Release */ = {
			isa = XCBuildConfiguration;
			buildSettings = {
				ASSETCATALOG_COMPILER_APPICON_NAME = AppIcon;
				CODE_SIGN_STYLE = Automatic;
				INFOPLIST_FILE = Homework2.1/Info.plist;
				LD_RUNPATH_SEARCH_PATHS = (
					"$(inherited)",
					"@executable_path/Frameworks",
				);
				PRODUCT_BUNDLE_IDENTIFIER = "com.anirakanna.Homework2-1";
				PRODUCT_NAME = "$(TARGET_NAME)";
				SWIFT_VERSION = 5.0;
				TARGETED_DEVICE_FAMILY = "1,2";
			};
			name = Release;
		};
/* End XCBuildConfiguration section */

/* Begin XCConfigurationList section */
		803AC15224EC855600925BA1 /* Build configuration list for PBXProject "Homework2.1" */ = {
			isa = XCConfigurationList;
			buildConfigurations = (
				803AC16C24EC856100925BA1 /* Debug */,
				803AC16D24EC856100925BA1 /* Release */,
			);
			defaultConfigurationIsVisible = 0;
			defaultConfigurationName = Release;
		};
		803AC16E24EC856100925BA1 /* Build configuration list for PBXNativeTarget "Homework2.1" */ = {
			isa = XCConfigurationList;
			buildConfigurations = (
				803AC16F24EC856100925BA1 /* Debug */,
				803AC17024EC856100925BA1 /* Release */,
			);
			defaultConfigurationIsVisible = 0;
			defaultConfigurationName = Release;
		};
/* End XCConfigurationList section */

/* Begin XCVersionGroup section */
		803AC16324EC855600925BA1 /* Homework2_1.xcdatamodeld */ = {
			isa = XCVersionGroup;
			children = (
				803AC16424EC855600925BA1 /* Homework2_1.xcdatamodel */,
			);
			currentVersion = 803AC16424EC855600925BA1 /* Homework2_1.xcdatamodel */;
			path = Homework2_1.xcdatamodeld;
			sourceTree = "<group>";
			versionGroupType = wrapper.xcdatamodel;
		};
/* End XCVersionGroup section */
	};
	rootObject = 803AC14F24EC855600925BA1 /* Project object */;
}
